// !$*UTF8*$!
{
	archiveVersion = 1;
	classes = {
	};
	objectVersion = 50;
	objects = {

/* Begin PBXBuildFile section */
		9C4B657C2371355000B8C123 /* HostConnectionController.swift in Sources */ = {isa = PBXBuildFile; fileRef = 9C4B657B2371355000B8C123 /* HostConnectionController.swift */; };
		9C7296752370E6DA003B5B93 /* AppDelegate.swift in Sources */ = {isa = PBXBuildFile; fileRef = 9C7296742370E6DA003B5B93 /* AppDelegate.swift */; };
		9C7296772370E6DA003B5B93 /* ViewController.swift in Sources */ = {isa = PBXBuildFile; fileRef = 9C7296762370E6DA003B5B93 /* ViewController.swift */; };
		9C72967A2370E6DA003B5B93 /* Main.storyboard in Resources */ = {isa = PBXBuildFile; fileRef = 9C7296782370E6DA003B5B93 /* Main.storyboard */; };
		9C72967C2370E6DB003B5B93 /* Assets.xcassets in Resources */ = {isa = PBXBuildFile; fileRef = 9C72967B2370E6DB003B5B93 /* Assets.xcassets */; };
		9C72967F2370E6DB003B5B93 /* LaunchScreen.storyboard in Resources */ = {isa = PBXBuildFile; fileRef = 9C72967D2370E6DB003B5B93 /* LaunchScreen.storyboard */; };
		9C7296A523711B7C003B5B93 /* SearchQueueController.swift in Sources */ = {isa = PBXBuildFile; fileRef = 9C7296A423711B7C003B5B93 /* SearchQueueController.swift */; };
		9C7296A723711DFB003B5B93 /* Song.swift in Sources */ = {isa = PBXBuildFile; fileRef = 9C7296A623711DFB003B5B93 /* Song.swift */; };
		9CD9542923728E2A0005C3F9 /* SearchSongController.swift in Sources */ = {isa = PBXBuildFile; fileRef = 9CD9542823728E2A0005C3F9 /* SearchSongController.swift */; };
		9CD9542B23728F620005C3F9 /* Queue.swift in Sources */ = {isa = PBXBuildFile; fileRef = 9CD9542A23728F620005C3F9 /* Queue.swift */; };
		9CD9542D237297B30005C3F9 /* GuestQueueController.swift in Sources */ = {isa = PBXBuildFile; fileRef = 9CD9542C237297B30005C3F9 /* GuestQueueController.swift */; };
		B2465DF02371F81800ED88DD /* AddHostQueueViewController.swift in Sources */ = {isa = PBXBuildFile; fileRef = B2465DEF2371F81800ED88DD /* AddHostQueueViewController.swift */; };
		B255861723776F2B00FD6D06 /* SpotifyiOS.framework in Frameworks */ = {isa = PBXBuildFile; fileRef = B255861623776F2B00FD6D06 /* SpotifyiOS.framework */; };
		B2EC5CC223722E6B0022A868 /* HostQueueViewController.swift in Sources */ = {isa = PBXBuildFile; fileRef = B2EC5CC123722E6B0022A868 /* HostQueueViewController.swift */; };
/* End PBXBuildFile section */

/* Begin PBXFileReference section */
		9C4B657B2371355000B8C123 /* HostConnectionController.swift */ = {isa = PBXFileReference; lastKnownFileType = sourcecode.swift; path = HostConnectionController.swift; sourceTree = "<group>"; };
		9C7296712370E6DA003B5B93 /* FinalProject-TheSocialQ.app */ = {isa = PBXFileReference; explicitFileType = wrapper.application; includeInIndex = 0; path = "FinalProject-TheSocialQ.app"; sourceTree = BUILT_PRODUCTS_DIR; };
		9C7296742370E6DA003B5B93 /* AppDelegate.swift */ = {isa = PBXFileReference; lastKnownFileType = sourcecode.swift; path = AppDelegate.swift; sourceTree = "<group>"; };
		9C7296762370E6DA003B5B93 /* ViewController.swift */ = {isa = PBXFileReference; lastKnownFileType = sourcecode.swift; path = ViewController.swift; sourceTree = "<group>"; };
		9C7296792370E6DA003B5B93 /* Base */ = {isa = PBXFileReference; lastKnownFileType = file.storyboard; name = Base; path = Base.lproj/Main.storyboard; sourceTree = "<group>"; };
		9C72967B2370E6DB003B5B93 /* Assets.xcassets */ = {isa = PBXFileReference; lastKnownFileType = folder.assetcatalog; path = Assets.xcassets; sourceTree = "<group>"; };
		9C72967E2370E6DB003B5B93 /* Base */ = {isa = PBXFileReference; lastKnownFileType = file.storyboard; name = Base; path = Base.lproj/LaunchScreen.storyboard; sourceTree = "<group>"; };
		9C7296802370E6DB003B5B93 /* Info.plist */ = {isa = PBXFileReference; lastKnownFileType = text.plist.xml; path = Info.plist; sourceTree = "<group>"; };
		9C7296A423711B7C003B5B93 /* SearchQueueController.swift */ = {isa = PBXFileReference; lastKnownFileType = sourcecode.swift; path = SearchQueueController.swift; sourceTree = "<group>"; };
		9C7296A623711DFB003B5B93 /* Song.swift */ = {isa = PBXFileReference; lastKnownFileType = sourcecode.swift; path = Song.swift; sourceTree = "<group>"; };
		9CD9542823728E2A0005C3F9 /* SearchSongController.swift */ = {isa = PBXFileReference; lastKnownFileType = sourcecode.swift; path = SearchSongController.swift; sourceTree = "<group>"; };
		9CD9542A23728F620005C3F9 /* Queue.swift */ = {isa = PBXFileReference; lastKnownFileType = sourcecode.swift; path = Queue.swift; sourceTree = "<group>"; };
		9CD9542C237297B30005C3F9 /* GuestQueueController.swift */ = {isa = PBXFileReference; lastKnownFileType = sourcecode.swift; path = GuestQueueController.swift; sourceTree = "<group>"; };
		B2465DEF2371F81800ED88DD /* AddHostQueueViewController.swift */ = {isa = PBXFileReference; lastKnownFileType = sourcecode.swift; path = AddHostQueueViewController.swift; sourceTree = "<group>"; };
		B255861623776F2B00FD6D06 /* SpotifyiOS.framework */ = {isa = PBXFileReference; lastKnownFileType = wrapper.framework; path = SpotifyiOS.framework; sourceTree = "<group>"; };
		B255861823776FA300FD6D06 /* FinalProject-TheSocialQ-Bridging-Header.h */ = {isa = PBXFileReference; lastKnownFileType = sourcecode.c.h; path = "FinalProject-TheSocialQ-Bridging-Header.h"; sourceTree = "<group>"; };
		B2EC5CC123722E6B0022A868 /* HostQueueViewController.swift */ = {isa = PBXFileReference; lastKnownFileType = sourcecode.swift; path = HostQueueViewController.swift; sourceTree = "<group>"; };
/* End PBXFileReference section */

/* Begin PBXFrameworksBuildPhase section */
		9C72966E2370E6DA003B5B93 /* Frameworks */ = {
			isa = PBXFrameworksBuildPhase;
			buildActionMask = 2147483647;
			files = (
				B255861723776F2B00FD6D06 /* SpotifyiOS.framework in Frameworks */,
			);
			runOnlyForDeploymentPostprocessing = 0;
		};
/* End PBXFrameworksBuildPhase section */

/* Begin PBXGroup section */
		9C7296682370E6DA003B5B93 = {
			isa = PBXGroup;
			children = (
				9C7296732370E6DA003B5B93 /* FinalProject-TheSocialQ */,
				9C7296722370E6DA003B5B93 /* Products */,
			);
			sourceTree = "<group>";
		};
		9C7296722370E6DA003B5B93 /* Products */ = {
			isa = PBXGroup;
			children = (
				9C7296712370E6DA003B5B93 /* FinalProject-TheSocialQ.app */,
			);
			name = Products;
			sourceTree = "<group>";
		};
		9C7296732370E6DA003B5B93 /* FinalProject-TheSocialQ */ = {
			isa = PBXGroup;
			children = (
				B255861523776F0600FD6D06 /* Frameworks */,
				9C7296742370E6DA003B5B93 /* AppDelegate.swift */,
				9C7296762370E6DA003B5B93 /* ViewController.swift */,
				9C7296782370E6DA003B5B93 /* Main.storyboard */,
				9CD9542C237297B30005C3F9 /* GuestQueueController.swift */,
				9CD9542A23728F620005C3F9 /* Queue.swift */,
				9CD9542823728E2A0005C3F9 /* SearchSongController.swift */,
				9C72967B2370E6DB003B5B93 /* Assets.xcassets */,
				9C72967D2370E6DB003B5B93 /* LaunchScreen.storyboard */,
				9C7296802370E6DB003B5B93 /* Info.plist */,
				9C7296A423711B7C003B5B93 /* SearchQueueController.swift */,
				9C7296A623711DFB003B5B93 /* Song.swift */,
				9C4B657B2371355000B8C123 /* HostConnectionController.swift */,
				B2465DEF2371F81800ED88DD /* AddHostQueueViewController.swift */,
				B2EC5CC123722E6B0022A868 /* HostQueueViewController.swift */,
				B255861823776FA300FD6D06 /* FinalProject-TheSocialQ-Bridging-Header.h */,
			);
			path = "FinalProject-TheSocialQ";
			sourceTree = "<group>";
		};
		B255861523776F0600FD6D06 /* Frameworks */ = {
			isa = PBXGroup;
			children = (
				B255861623776F2B00FD6D06 /* SpotifyiOS.framework */,
			);
			path = Frameworks;
			sourceTree = "<group>";
		};
/* End PBXGroup section */

/* Begin PBXNativeTarget section */
		9C7296702370E6DA003B5B93 /* FinalProject-TheSocialQ */ = {
			isa = PBXNativeTarget;
			buildConfigurationList = 9C7296832370E6DB003B5B93 /* Build configuration list for PBXNativeTarget "FinalProject-TheSocialQ" */;
			buildPhases = (
				9C72966D2370E6DA003B5B93 /* Sources */,
				9C72966E2370E6DA003B5B93 /* Frameworks */,
				9C72966F2370E6DA003B5B93 /* Resources */,
			);
			buildRules = (
			);
			dependencies = (
			);
			name = "FinalProject-TheSocialQ";
			productName = "FinalProject-TheSocialQ";
			productReference = 9C7296712370E6DA003B5B93 /* FinalProject-TheSocialQ.app */;
			productType = "com.apple.product-type.application";
		};
/* End PBXNativeTarget section */

/* Begin PBXProject section */
		9C7296692370E6DA003B5B93 /* Project object */ = {
			isa = PBXProject;
			attributes = {
				LastSwiftUpdateCheck = 1020;
				LastUpgradeCheck = 1020;
				ORGANIZATIONNAME = "Kendall Pomerleau";
				TargetAttributes = {
					9C7296702370E6DA003B5B93 = {
						CreatedOnToolsVersion = 10.2.1;
						LastSwiftMigration = 1020;
					};
				};
			};
			buildConfigurationList = 9C72966C2370E6DA003B5B93 /* Build configuration list for PBXProject "FinalProject-TheSocialQ" */;
			compatibilityVersion = "Xcode 9.3";
			developmentRegion = en;
			hasScannedForEncodings = 0;
			knownRegions = (
				en,
				Base,
			);
			mainGroup = 9C7296682370E6DA003B5B93;
			productRefGroup = 9C7296722370E6DA003B5B93 /* Products */;
			projectDirPath = "";
			projectRoot = "";
			targets = (
				9C7296702370E6DA003B5B93 /* FinalProject-TheSocialQ */,
			);
		};
/* End PBXProject section */

/* Begin PBXResourcesBuildPhase section */
		9C72966F2370E6DA003B5B93 /* Resources */ = {
			isa = PBXResourcesBuildPhase;
			buildActionMask = 2147483647;
			files = (
				9C72967F2370E6DB003B5B93 /* LaunchScreen.storyboard in Resources */,
				9C72967C2370E6DB003B5B93 /* Assets.xcassets in Resources */,
				9C72967A2370E6DA003B5B93 /* Main.storyboard in Resources */,
			);
			runOnlyForDeploymentPostprocessing = 0;
		};
/* End PBXResourcesBuildPhase section */

/* Begin PBXSourcesBuildPhase section */
		9C72966D2370E6DA003B5B93 /* Sources */ = {
			isa = PBXSourcesBuildPhase;
			buildActionMask = 2147483647;
			files = (
				9C7296A723711DFB003B5B93 /* Song.swift in Sources */,
				9C7296772370E6DA003B5B93 /* ViewController.swift in Sources */,
				9C4B657C2371355000B8C123 /* HostConnectionController.swift in Sources */,
				9C7296A523711B7C003B5B93 /* SearchQueueController.swift in Sources */,
				B2465DF02371F81800ED88DD /* AddHostQueueViewController.swift in Sources */,
				9C7296752370E6DA003B5B93 /* AppDelegate.swift in Sources */,
				9CD9542923728E2A0005C3F9 /* SearchSongController.swift in Sources */,
				9CD9542B23728F620005C3F9 /* Queue.swift in Sources */,
				9CD9542D237297B30005C3F9 /* GuestQueueController.swift in Sources */,
				B2EC5CC223722E6B0022A868 /* HostQueueViewController.swift in Sources */,
			);
			runOnlyForDeploymentPostprocessing = 0;
		};
/* End PBXSourcesBuildPhase section */

/* Begin PBXVariantGroup section */
		9C7296782370E6DA003B5B93 /* Main.storyboard */ = {
			isa = PBXVariantGroup;
			children = (
				9C7296792370E6DA003B5B93 /* Base */,
			);
			name = Main.storyboard;
			sourceTree = "<group>";
		};
		9C72967D2370E6DB003B5B93 /* LaunchScreen.storyboard */ = {
			isa = PBXVariantGroup;
			children = (
				9C72967E2370E6DB003B5B93 /* Base */,
			);
			name = LaunchScreen.storyboard;
			sourceTree = "<group>";
		};
/* End PBXVariantGroup section */

/* Begin XCBuildConfiguration section */
		9C7296812370E6DB003B5B93 /* Debug */ = {
			isa = XCBuildConfiguration;
			buildSettings = {
				ALWAYS_SEARCH_USER_PATHS = NO;
				CLANG_ANALYZER_NONNULL = YES;
				CLANG_ANALYZER_NUMBER_OBJECT_CONVERSION = YES_AGGRESSIVE;
				CLANG_CXX_LANGUAGE_STANDARD = "gnu++14";
				CLANG_CXX_LIBRARY = "libc++";
				CLANG_ENABLE_MODULES = YES;
				CLANG_ENABLE_OBJC_ARC = YES;
				CLANG_ENABLE_OBJC_WEAK = YES;
				CLANG_WARN_BLOCK_CAPTURE_AUTORELEASING = YES;
				CLANG_WARN_BOOL_CONVERSION = YES;
				CLANG_WARN_COMMA = YES;
				CLANG_WARN_CONSTANT_CONVERSION = YES;
				CLANG_WARN_DEPRECATED_OBJC_IMPLEMENTATIONS = YES;
				CLANG_WARN_DIRECT_OBJC_ISA_USAGE = YES_ERROR;
				CLANG_WARN_DOCUMENTATION_COMMENTS = YES;
				CLANG_WARN_EMPTY_BODY = YES;
				CLANG_WARN_ENUM_CONVERSION = YES;
				CLANG_WARN_INFINITE_RECURSION = YES;
				CLANG_WARN_INT_CONVERSION = YES;
				CLANG_WARN_NON_LITERAL_NULL_CONVERSION = YES;
				CLANG_WARN_OBJC_IMPLICIT_RETAIN_SELF = YES;
				CLANG_WARN_OBJC_LITERAL_CONVERSION = YES;
				CLANG_WARN_OBJC_ROOT_CLASS = YES_ERROR;
				CLANG_WARN_RANGE_LOOP_ANALYSIS = YES;
				CLANG_WARN_STRICT_PROTOTYPES = YES;
				CLANG_WARN_SUSPICIOUS_MOVE = YES;
				CLANG_WARN_UNGUARDED_AVAILABILITY = YES_AGGRESSIVE;
				CLANG_WARN_UNREACHABLE_CODE = YES;
				CLANG_WARN__DUPLICATE_METHOD_MATCH = YES;
				CODE_SIGN_IDENTITY = "iPhone Developer";
				COPY_PHASE_STRIP = NO;
				DEBUG_INFORMATION_FORMAT = dwarf;
				ENABLE_STRICT_OBJC_MSGSEND = YES;
				ENABLE_TESTABILITY = YES;
				GCC_C_LANGUAGE_STANDARD = gnu11;
				GCC_DYNAMIC_NO_PIC = NO;
				GCC_NO_COMMON_BLOCKS = YES;
				GCC_OPTIMIZATION_LEVEL = 0;
				GCC_PREPROCESSOR_DEFINITIONS = (
					"DEBUG=1",
					"$(inherited)",
				);
				GCC_WARN_64_TO_32_BIT_CONVERSION = YES;
				GCC_WARN_ABOUT_RETURN_TYPE = YES_ERROR;
				GCC_WARN_UNDECLARED_SELECTOR = YES;
				GCC_WARN_UNINITIALIZED_AUTOS = YES_AGGRESSIVE;
				GCC_WARN_UNUSED_FUNCTION = YES;
				GCC_WARN_UNUSED_VARIABLE = YES;
				IPHONEOS_DEPLOYMENT_TARGET = 12.2;
				MTL_ENABLE_DEBUG_INFO = INCLUDE_SOURCE;
				MTL_FAST_MATH = YES;
				ONLY_ACTIVE_ARCH = YES;
				SDKROOT = iphoneos;
				SWIFT_ACTIVE_COMPILATION_CONDITIONS = DEBUG;
				SWIFT_OPTIMIZATION_LEVEL = "-Onone";
			};
			name = Debug;
		};
		9C7296822370E6DB003B5B93 /* Release */ = {
			isa = XCBuildConfiguration;
			buildSettings = {
				ALWAYS_SEARCH_USER_PATHS = NO;
				CLANG_ANALYZER_NONNULL = YES;
				CLANG_ANALYZER_NUMBER_OBJECT_CONVERSION = YES_AGGRESSIVE;
				CLANG_CXX_LANGUAGE_STANDARD = "gnu++14";
				CLANG_CXX_LIBRARY = "libc++";
				CLANG_ENABLE_MODULES = YES;
				CLANG_ENABLE_OBJC_ARC = YES;
				CLANG_ENABLE_OBJC_WEAK = YES;
				CLANG_WARN_BLOCK_CAPTURE_AUTORELEASING = YES;
				CLANG_WARN_BOOL_CONVERSION = YES;
				CLANG_WARN_COMMA = YES;
				CLANG_WARN_CONSTANT_CONVERSION = YES;
				CLANG_WARN_DEPRECATED_OBJC_IMPLEMENTATIONS = YES;
				CLANG_WARN_DIRECT_OBJC_ISA_USAGE = YES_ERROR;
				CLANG_WARN_DOCUMENTATION_COMMENTS = YES;
				CLANG_WARN_EMPTY_BODY = YES;
				CLANG_WARN_ENUM_CONVERSION = YES;
				CLANG_WARN_INFINITE_RECURSION = YES;
				CLANG_WARN_INT_CONVERSION = YES;
				CLANG_WARN_NON_LITERAL_NULL_CONVERSION = YES;
				CLANG_WARN_OBJC_IMPLICIT_RETAIN_SELF = YES;
				CLANG_WARN_OBJC_LITERAL_CONVERSION = YES;
				CLANG_WARN_OBJC_ROOT_CLASS = YES_ERROR;
				CLANG_WARN_RANGE_LOOP_ANALYSIS = YES;
				CLANG_WARN_STRICT_PROTOTYPES = YES;
				CLANG_WARN_SUSPICIOUS_MOVE = YES;
				CLANG_WARN_UNGUARDED_AVAILABILITY = YES_AGGRESSIVE;
				CLANG_WARN_UNREACHABLE_CODE = YES;
				CLANG_WARN__DUPLICATE_METHOD_MATCH = YES;
				CODE_SIGN_IDENTITY = "iPhone Developer";
				COPY_PHASE_STRIP = NO;
				DEBUG_INFORMATION_FORMAT = "dwarf-with-dsym";
				ENABLE_NS_ASSERTIONS = NO;
				ENABLE_STRICT_OBJC_MSGSEND = YES;
				GCC_C_LANGUAGE_STANDARD = gnu11;
				GCC_NO_COMMON_BLOCKS = YES;
				GCC_WARN_64_TO_32_BIT_CONVERSION = YES;
				GCC_WARN_ABOUT_RETURN_TYPE = YES_ERROR;
				GCC_WARN_UNDECLARED_SELECTOR = YES;
				GCC_WARN_UNINITIALIZED_AUTOS = YES_AGGRESSIVE;
				GCC_WARN_UNUSED_FUNCTION = YES;
				GCC_WARN_UNUSED_VARIABLE = YES;
				IPHONEOS_DEPLOYMENT_TARGET = 12.2;
				MTL_ENABLE_DEBUG_INFO = NO;
				MTL_FAST_MATH = YES;
				SDKROOT = iphoneos;
				SWIFT_COMPILATION_MODE = wholemodule;
				SWIFT_OPTIMIZATION_LEVEL = "-O";
				VALIDATE_PRODUCT = YES;
			};
			name = Release;
		};
		9C7296842370E6DB003B5B93 /* Debug */ = {
			isa = XCBuildConfiguration;
			buildSettings = {
				ASSETCATALOG_COMPILER_APPICON_NAME = AppIcon;
				CLANG_ENABLE_MODULES = YES;
				CODE_SIGN_STYLE = Automatic;
				DEVELOPMENT_TEAM = 28AKW25AL5;
				FRAMEWORK_SEARCH_PATHS = (
					"$(inherited)",
					"$(PROJECT_DIR)/FinalProject-TheSocialQ/Frameworks",
				);
				INFOPLIST_FILE = "FinalProject-TheSocialQ/Info.plist";
				LD_RUNPATH_SEARCH_PATHS = (
					"$(inherited)",
					"@executable_path/Frameworks",
				);
				OTHER_LDFLAGS = "";
				PRODUCT_BUNDLE_IDENTIFIER = "KendallPomerleau.FinalProject-TheSocialQ";
				PRODUCT_NAME = "$(TARGET_NAME)";
				SWIFT_OBJC_BRIDGING_HEADER = "FinalProject-TheSocialQ/FinalProject-TheSocialQ-Bridging-Header.h";
				SWIFT_OPTIMIZATION_LEVEL = "-Onone";
				SWIFT_PRECOMPILE_BRIDGING_HEADER = YES;
				SWIFT_VERSION = 5.0;
				TARGETED_DEVICE_FAMILY = "1,2";
			};
			name = Debug;
		};
		9C7296852370E6DB003B5B93 /* Release */ = {
			isa = XCBuildConfiguration;
			buildSettings = {
				ASSETCATALOG_COMPILER_APPICON_NAME = AppIcon;
				CLANG_ENABLE_MODULES = YES;
				CODE_SIGN_STYLE = Automatic;
				DEVELOPMENT_TEAM = 28AKW25AL5;
				FRAMEWORK_SEARCH_PATHS = (
					"$(inherited)",
					"$(PROJECT_DIR)/FinalProject-TheSocialQ/Frameworks",
				);
				INFOPLIST_FILE = "FinalProject-TheSocialQ/Info.plist";
				LD_RUNPATH_SEARCH_PATHS = (
					"$(inherited)",
					"@executable_path/Frameworks",
				);
				OTHER_LDFLAGS = "";
				PRODUCT_BUNDLE_IDENTIFIER = "KendallPomerleau.FinalProject-TheSocialQ";
				PRODUCT_NAME = "$(TARGET_NAME)";
				SWIFT_OBJC_BRIDGING_HEADER = "FinalProject-TheSocialQ/FinalProject-TheSocialQ-Bridging-Header.h";
				SWIFT_PRECOMPILE_BRIDGING_HEADER = YES;
				SWIFT_VERSION = 5.0;
				TARGETED_DEVICE_FAMILY = "1,2";
			};
			name = Release;
		};
/* End XCBuildConfiguration section */

/* Begin XCConfigurationList section */
		9C72966C2370E6DA003B5B93 /* Build configuration list for PBXProject "FinalProject-TheSocialQ" */ = {
			isa = XCConfigurationList;
			buildConfigurations = (
				9C7296812370E6DB003B5B93 /* Debug */,
				9C7296822370E6DB003B5B93 /* Release */,
			);
			defaultConfigurationIsVisible = 0;
			defaultConfigurationName = Release;
		};
		9C7296832370E6DB003B5B93 /* Build configuration list for PBXNativeTarget "FinalProject-TheSocialQ" */ = {
			isa = XCConfigurationList;
			buildConfigurations = (
				9C7296842370E6DB003B5B93 /* Debug */,
				9C7296852370E6DB003B5B93 /* Release */,
			);
			defaultConfigurationIsVisible = 0;
			defaultConfigurationName = Release;
		};
/* End XCConfigurationList section */
	};
	rootObject = 9C7296692370E6DA003B5B93 /* Project object */;
}
